// !$*UTF8*$!
{
	archiveVersion = 1;
	classes = {
	};
	objectVersion = 46;
	objects = {

/* Begin PBXBuildFile section */
		2614CC001E3DC1E900522811 /* AppDelegate.swift in Sources */ = {isa = PBXBuildFile; fileRef = 2614CBFF1E3DC1E900522811 /* AppDelegate.swift */; };
		2614CC021E3DC1E900522811 /* ViewController.swift in Sources */ = {isa = PBXBuildFile; fileRef = 2614CC011E3DC1E900522811 /* ViewController.swift */; };
		2614CC051E3DC1E900522811 /* Main.storyboard in Resources */ = {isa = PBXBuildFile; fileRef = 2614CC031E3DC1E900522811 /* Main.storyboard */; };
		2614CC071E3DC1E900522811 /* Assets.xcassets in Resources */ = {isa = PBXBuildFile; fileRef = 2614CC061E3DC1E900522811 /* Assets.xcassets */; };
		2614CC0A1E3DC1E900522811 /* LaunchScreen.storyboard in Resources */ = {isa = PBXBuildFile; fileRef = 2614CC081E3DC1E900522811 /* LaunchScreen.storyboard */; };
		2614CC151E3DC1E900522811 /* BeautyGalleyTests.swift in Sources */ = {isa = PBXBuildFile; fileRef = 2614CC141E3DC1E900522811 /* BeautyGalleyTests.swift */; };
		2614CC201E3DC1E900522811 /* BeautyGalleyUITests.swift in Sources */ = {isa = PBXBuildFile; fileRef = 2614CC1F1E3DC1E900522811 /* BeautyGalleyUITests.swift */; };
/* End PBXBuildFile section */

/* Begin PBXContainerItemProxy section */
		2614CC111E3DC1E900522811 /* PBXContainerItemProxy */ = {
			isa = PBXContainerItemProxy;
			containerPortal = 2614CBF41E3DC1E800522811 /* Project object */;
			proxyType = 1;
			remoteGlobalIDString = 2614CBFB1E3DC1E900522811;
			remoteInfo = BeautyGalley;
		};
		2614CC1C1E3DC1E900522811 /* PBXContainerItemProxy */ = {
			isa = PBXContainerItemProxy;
			containerPortal = 2614CBF41E3DC1E800522811 /* Project object */;
			proxyType = 1;
			remoteGlobalIDString = 2614CBFB1E3DC1E900522811;
			remoteInfo = BeautyGalley;
		};
/* End PBXContainerItemProxy section */

/* Begin PBXFileReference section */
		2614CBFC1E3DC1E900522811 /* BeautyGalley.app */ = {isa = PBXFileReference; explicitFileType = wrapper.application; includeInIndex = 0; path = BeautyGalley.app; sourceTree = BUILT_PRODUCTS_DIR; };
		2614CBFF1E3DC1E900522811 /* AppDelegate.swift */ = {isa = PBXFileReference; lastKnownFileType = sourcecode.swift; path = AppDelegate.swift; sourceTree = "<group>"; };
		2614CC011E3DC1E900522811 /* ViewController.swift */ = {isa = PBXFileReference; lastKnownFileType = sourcecode.swift; path = ViewController.swift; sourceTree = "<group>"; };
		2614CC041E3DC1E900522811 /* Base */ = {isa = PBXFileReference; lastKnownFileType = file.storyboard; name = Base; path = Base.lproj/Main.storyboard; sourceTree = "<group>"; };
		2614CC061E3DC1E900522811 /* Assets.xcassets */ = {isa = PBXFileReference; lastKnownFileType = folder.assetcatalog; path = Assets.xcassets; sourceTree = "<group>"; };
		2614CC091E3DC1E900522811 /* Base */ = {isa = PBXFileReference; lastKnownFileType = file.storyboard; name = Base; path = Base.lproj/LaunchScreen.storyboard; sourceTree = "<group>"; };
		2614CC0B1E3DC1E900522811 /* Info.plist */ = {isa = PBXFileReference; lastKnownFileType = text.plist.xml; path = Info.plist; sourceTree = "<group>"; };
		2614CC101E3DC1E900522811 /* BeautyGalleyTests.xctest */ = {isa = PBXFileReference; explicitFileType = wrapper.cfbundle; includeInIndex = 0; path = BeautyGalleyTests.xctest; sourceTree = BUILT_PRODUCTS_DIR; };
		2614CC141E3DC1E900522811 /* BeautyGalleyTests.swift */ = {isa = PBXFileReference; lastKnownFileType = sourcecode.swift; path = BeautyGalleyTests.swift; sourceTree = "<group>"; };
		2614CC161E3DC1E900522811 /* Info.plist */ = {isa = PBXFileReference; lastKnownFileType = text.plist.xml; path = Info.plist; sourceTree = "<group>"; };
		2614CC1B1E3DC1E900522811 /* BeautyGalleyUITests.xctest */ = {isa = PBXFileReference; explicitFileType = wrapper.cfbundle; includeInIndex = 0; path = BeautyGalleyUITests.xctest; sourceTree = BUILT_PRODUCTS_DIR; };
		2614CC1F1E3DC1E900522811 /* BeautyGalleyUITests.swift */ = {isa = PBXFileReference; lastKnownFileType = sourcecode.swift; path = BeautyGalleyUITests.swift; sourceTree = "<group>"; };
		2614CC211E3DC1E900522811 /* Info.plist */ = {isa = PBXFileReference; lastKnownFileType = text.plist.xml; path = Info.plist; sourceTree = "<group>"; };
/* End PBXFileReference section */

/* Begin PBXFrameworksBuildPhase section */
		2614CBF91E3DC1E900522811 /* Frameworks */ = {
			isa = PBXFrameworksBuildPhase;
			buildActionMask = 2147483647;
			files = (
			);
			runOnlyForDeploymentPostprocessing = 0;
		};
		2614CC0D1E3DC1E900522811 /* Frameworks */ = {
			isa = PBXFrameworksBuildPhase;
			buildActionMask = 2147483647;
			files = (
			);
			runOnlyForDeploymentPostprocessing = 0;
		};
		2614CC181E3DC1E900522811 /* Frameworks */ = {
			isa = PBXFrameworksBuildPhase;
			buildActionMask = 2147483647;
			files = (
			);
			runOnlyForDeploymentPostprocessing = 0;
		};
/* End PBXFrameworksBuildPhase section */

/* Begin PBXGroup section */
		2614CBF31E3DC1E800522811 = {
			isa = PBXGroup;
			children = (
				2614CBFE1E3DC1E900522811 /* BeautyGalley */,
				2614CC131E3DC1E900522811 /* BeautyGalleyTests */,
				2614CC1E1E3DC1E900522811 /* BeautyGalleyUITests */,
				2614CBFD1E3DC1E900522811 /* Products */,
			);
			sourceTree = "<group>";
		};
		2614CBFD1E3DC1E900522811 /* Products */ = {
			isa = PBXGroup;
			children = (
				2614CBFC1E3DC1E900522811 /* BeautyGalley.app */,
				2614CC101E3DC1E900522811 /* BeautyGalleyTests.xctest */,
				2614CC1B1E3DC1E900522811 /* BeautyGalleyUITests.xctest */,
			);
			name = Products;
			sourceTree = "<group>";
		};
		2614CBFE1E3DC1E900522811 /* BeautyGalley */ = {
			isa = PBXGroup;
			children = (
				2614CBFF1E3DC1E900522811 /* AppDelegate.swift */,
				2614CC011E3DC1E900522811 /* ViewController.swift */,
				2614CC031E3DC1E900522811 /* Main.storyboard */,
				2614CC061E3DC1E900522811 /* Assets.xcassets */,
				2614CC081E3DC1E900522811 /* LaunchScreen.storyboard */,
				2614CC0B1E3DC1E900522811 /* Info.plist */,
			);
			path = BeautyGalley;
			sourceTree = "<group>";
		};
		2614CC131E3DC1E900522811 /* BeautyGalleyTests */ = {
			isa = PBXGroup;
			children = (
				2614CC141E3DC1E900522811 /* BeautyGalleyTests.swift */,
				2614CC161E3DC1E900522811 /* Info.plist */,
			);
			path = BeautyGalleyTests;
			sourceTree = "<group>";
		};
		2614CC1E1E3DC1E900522811 /* BeautyGalleyUITests */ = {
			isa = PBXGroup;
			children = (
				2614CC1F1E3DC1E900522811 /* BeautyGalleyUITests.swift */,
				2614CC211E3DC1E900522811 /* Info.plist */,
			);
			path = BeautyGalleyUITests;
			sourceTree = "<group>";
		};
/* End PBXGroup section */

/* Begin PBXNativeTarget section */
		2614CBFB1E3DC1E900522811 /* BeautyGalley */ = {
			isa = PBXNativeTarget;
			buildConfigurationList = 2614CC241E3DC1E900522811 /* Build configuration list for PBXNativeTarget "BeautyGalley" */;
			buildPhases = (
				2614CBF81E3DC1E900522811 /* Sources */,
				2614CBF91E3DC1E900522811 /* Frameworks */,
				2614CBFA1E3DC1E900522811 /* Resources */,
			);
			buildRules = (
			);
			dependencies = (
			);
			name = BeautyGalley;
			productName = BeautyGalley;
			productReference = 2614CBFC1E3DC1E900522811 /* BeautyGalley.app */;
			productType = "com.apple.product-type.application";
		};
		2614CC0F1E3DC1E900522811 /* BeautyGalleyTests */ = {
			isa = PBXNativeTarget;
			buildConfigurationList = 2614CC271E3DC1E900522811 /* Build configuration list for PBXNativeTarget "BeautyGalleyTests" */;
			buildPhases = (
				2614CC0C1E3DC1E900522811 /* Sources */,
				2614CC0D1E3DC1E900522811 /* Frameworks */,
				2614CC0E1E3DC1E900522811 /* Resources */,
			);
			buildRules = (
			);
			dependencies = (
				2614CC121E3DC1E900522811 /* PBXTargetDependency */,
			);
			name = BeautyGalleyTests;
			productName = BeautyGalleyTests;
			productReference = 2614CC101E3DC1E900522811 /* BeautyGalleyTests.xctest */;
			productType = "com.apple.product-type.bundle.unit-test";
		};
		2614CC1A1E3DC1E900522811 /* BeautyGalleyUITests */ = {
			isa = PBXNativeTarget;
			buildConfigurationList = 2614CC2A1E3DC1E900522811 /* Build configuration list for PBXNativeTarget "BeautyGalleyUITests" */;
			buildPhases = (
				2614CC171E3DC1E900522811 /* Sources */,
				2614CC181E3DC1E900522811 /* Frameworks */,
				2614CC191E3DC1E900522811 /* Resources */,
			);
			buildRules = (
			);
			dependencies = (
				2614CC1D1E3DC1E900522811 /* PBXTargetDependency */,
			);
			name = BeautyGalleyUITests;
			productName = BeautyGalleyUITests;
			productReference = 2614CC1B1E3DC1E900522811 /* BeautyGalleyUITests.xctest */;
			productType = "com.apple.product-type.bundle.ui-testing";
		};
/* End PBXNativeTarget section */

/* Begin PBXProject section */
		2614CBF41E3DC1E800522811 /* Project object */ = {
			isa = PBXProject;
			attributes = {
				LastSwiftUpdateCheck = 0810;
				LastUpgradeCheck = 0810;
				ORGANIZATIONNAME = "Stephen Ge";
				TargetAttributes = {
					2614CBFB1E3DC1E900522811 = {
						CreatedOnToolsVersion = 8.1;
						ProvisioningStyle = Automatic;
					};
					2614CC0F1E3DC1E900522811 = {
						CreatedOnToolsVersion = 8.1;
						ProvisioningStyle = Automatic;
						TestTargetID = 2614CBFB1E3DC1E900522811;
					};
					2614CC1A1E3DC1E900522811 = {
						CreatedOnToolsVersion = 8.1;
						ProvisioningStyle = Automatic;
						TestTargetID = 2614CBFB1E3DC1E900522811;
					};
				};
			};
			buildConfigurationList = 2614CBF71E3DC1E800522811 /* Build configuration list for PBXProject "BeautyGalley" */;
			compatibilityVersion = "Xcode 3.2";
			developmentRegion = English;
			hasScannedForEncodings = 0;
			knownRegions = (
				en,
				Base,
			);
			mainGroup = 2614CBF31E3DC1E800522811;
			productRefGroup = 2614CBFD1E3DC1E900522811 /* Products */;
			projectDirPath = "";
			projectRoot = "";
			targets = (
				2614CBFB1E3DC1E900522811 /* BeautyGalley */,
				2614CC0F1E3DC1E900522811 /* BeautyGalleyTests */,
				2614CC1A1E3DC1E900522811 /* BeautyGalleyUITests */,
			);
		};
/* End PBXProject section */

/* Begin PBXResourcesBuildPhase section */
		2614CBFA1E3DC1E900522811 /* Resources */ = {
			isa = PBXResourcesBuildPhase;
			buildActionMask = 2147483647;
			files = (
				2614CC0A1E3DC1E900522811 /* LaunchScreen.storyboard in Resources */,
				2614CC071E3DC1E900522811 /* Assets.xcassets in Resources */,
				2614CC051E3DC1E900522811 /* Main.storyboard in Resources */,
			);
			runOnlyForDeploymentPostprocessing = 0;
		};
		2614CC0E1E3DC1E900522811 /* Resources */ = {
			isa = PBXResourcesBuildPhase;
			buildActionMask = 2147483647;
			files = (
			);
			runOnlyForDeploymentPostprocessing = 0;
		};
		2614CC191E3DC1E900522811 /* Resources */ = {
			isa = PBXResourcesBuildPhase;
			buildActionMask = 2147483647;
			files = (
			);
			runOnlyForDeploymentPostprocessing = 0;
		};
/* End PBXResourcesBuildPhase section */

/* Begin PBXSourcesBuildPhase section */
		2614CBF81E3DC1E900522811 /* Sources */ = {
			isa = PBXSourcesBuildPhase;
			buildActionMask = 2147483647;
			files = (
				2614CC021E3DC1E900522811 /* ViewController.swift in Sources */,
				2614CC001E3DC1E900522811 /* AppDelegate.swift in Sources */,
			);
			runOnlyForDeploymentPostprocessing = 0;
		};
		2614CC0C1E3DC1E900522811 /* Sources */ = {
			isa = PBXSourcesBuildPhase;
			buildActionMask = 2147483647;
			files = (
				2614CC151E3DC1E900522811 /* BeautyGalleyTests.swift in Sources */,
			);
			runOnlyForDeploymentPostprocessing = 0;
		};
		2614CC171E3DC1E900522811 /* Sources */ = {
			isa = PBXSourcesBuildPhase;
			buildActionMask = 2147483647;
			files = (
				2614CC201E3DC1E900522811 /* BeautyGalleyUITests.swift in Sources */,
			);
			runOnlyForDeploymentPostprocessing = 0;
		};
/* End PBXSourcesBuildPhase section */

/* Begin PBXTargetDependency section */
		2614CC121E3DC1E900522811 /* PBXTargetDependency */ = {
			isa = PBXTargetDependency;
			target = 2614CBFB1E3DC1E900522811 /* BeautyGalley */;
			targetProxy = 2614CC111E3DC1E900522811 /* PBXContainerItemProxy */;
		};
		2614CC1D1E3DC1E900522811 /* PBXTargetDependency */ = {
			isa = PBXTargetDependency;
			target = 2614CBFB1E3DC1E900522811 /* BeautyGalley */;
			targetProxy = 2614CC1C1E3DC1E900522811 /* PBXContainerItemProxy */;
		};
/* End PBXTargetDependency section */

/* Begin PBXVariantGroup section */
		2614CC031E3DC1E900522811 /* Main.storyboard */ = {
			isa = PBXVariantGroup;
			children = (
				2614CC041E3DC1E900522811 /* Base */,
			);
			name = Main.storyboard;
			sourceTree = "<group>";
		};
		2614CC081E3DC1E900522811 /* LaunchScreen.storyboard */ = {
			isa = PBXVariantGroup;
			children = (
				2614CC091E3DC1E900522811 /* Base */,
			);
			name = LaunchScreen.storyboard;
			sourceTree = "<group>";
		};
/* End PBXVariantGroup section */

/* Begin XCBuildConfiguration section */
		2614CC221E3DC1E900522811 /* Debug */ = {
			isa = XCBuildConfiguration;
			buildSettings = {
				ALWAYS_SEARCH_USER_PATHS = NO;
				CLANG_ANALYZER_NONNULL = YES;
				CLANG_CXX_LANGUAGE_STANDARD = "gnu++0x";
				CLANG_CXX_LIBRARY = "libc++";
				CLANG_ENABLE_MODULES = YES;
				CLANG_ENABLE_OBJC_ARC = YES;
				CLANG_WARN_BOOL_CONVERSION = YES;
				CLANG_WARN_CONSTANT_CONVERSION = YES;
				CLANG_WARN_DIRECT_OBJC_ISA_USAGE = YES_ERROR;
				CLANG_WARN_DOCUMENTATION_COMMENTS = YES;
				CLANG_WARN_EMPTY_BODY = YES;
				CLANG_WARN_ENUM_CONVERSION = YES;
				CLANG_WARN_INFINITE_RECURSION = YES;
				CLANG_WARN_INT_CONVERSION = YES;
				CLANG_WARN_OBJC_ROOT_CLASS = YES_ERROR;
				CLANG_WARN_SUSPICIOUS_MOVES = YES;
				CLANG_WARN_UNREACHABLE_CODE = YES;
				CLANG_WARN__DUPLICATE_METHOD_MATCH = YES;
				"CODE_SIGN_IDENTITY[sdk=iphoneos*]" = "iPhone Developer";
				COPY_PHASE_STRIP = NO;
				DEBUG_INFORMATION_FORMAT = dwarf;
				ENABLE_STRICT_OBJC_MSGSEND = YES;
				ENABLE_TESTABILITY = YES;
				GCC_C_LANGUAGE_STANDARD = gnu99;
				GCC_DYNAMIC_NO_PIC = NO;
				GCC_NO_COMMON_BLOCKS = YES;
				GCC_OPTIMIZATION_LEVEL = 0;
				GCC_PREPROCESSOR_DEFINITIONS = (
					"DEBUG=1",
					"$(inherited)",
				);
				GCC_WARN_64_TO_32_BIT_CONVERSION = YES;
				GCC_WARN_ABOUT_RETURN_TYPE = YES_ERROR;
				GCC_WARN_UNDECLARED_SELECTOR = YES;
				GCC_WARN_UNINITIALIZED_AUTOS = YES_AGGRESSIVE;
				GCC_WARN_UNUSED_FUNCTION = YES;
				GCC_WARN_UNUSED_VARIABLE = YES;
				IPHONEOS_DEPLOYMENT_TARGET = 10.1;
				MTL_ENABLE_DEBUG_INFO = YES;
				ONLY_ACTIVE_ARCH = YES;
				SDKROOT = iphoneos;
				SWIFT_ACTIVE_COMPILATION_CONDITIONS = DEBUG;
				SWIFT_OPTIMIZATION_LEVEL = "-Onone";
				TARGETED_DEVICE_FAMILY = "1,2";
			};
			name = Debug;
		};
		2614CC231E3DC1E900522811 /* Release */ = {
			isa = XCBuildConfiguration;
			buildSettings = {
				ALWAYS_SEARCH_USER_PATHS = NO;
				CLANG_ANALYZER_NONNULL = YES;
				CLANG_CXX_LANGUAGE_STANDARD = "gnu++0x";
				CLANG_CXX_LIBRARY = "libc++";
				CLANG_ENABLE_MODULES = YES;
				CLANG_ENABLE_OBJC_ARC = YES;
				CLANG_WARN_BOOL_CONVERSION = YES;
				CLANG_WARN_CONSTANT_CONVERSION = YES;
				CLANG_WARN_DIRECT_OBJC_ISA_USAGE = YES_ERROR;
				CLANG_WARN_DOCUMENTATION_COMMENTS = YES;
				CLANG_WARN_EMPTY_BODY = YES;
				CLANG_WARN_ENUM_CONVERSION = YES;
				CLANG_WARN_INFINITE_RECURSION = YES;
				CLANG_WARN_INT_CONVERSION = YES;
				CLANG_WARN_OBJC_ROOT_CLASS = YES_ERROR;
				CLANG_WARN_SUSPICIOUS_MOVES = YES;
				CLANG_WARN_UNREACHABLE_CODE = YES;
				CLANG_WARN__DUPLICATE_METHOD_MATCH = YES;
				"CODE_SIGN_IDENTITY[sdk=iphoneos*]" = "iPhone Developer";
				COPY_PHASE_STRIP = NO;
				DEBUG_INFORMATION_FORMAT = "dwarf-with-dsym";
				ENABLE_NS_ASSERTIONS = NO;
				ENABLE_STRICT_OBJC_MSGSEND = YES;
				GCC_C_LANGUAGE_STANDARD = gnu99;
				GCC_NO_COMMON_BLOCKS = YES;
				GCC_WARN_64_TO_32_BIT_CONVERSION = YES;
				GCC_WARN_ABOUT_RETURN_TYPE = YES_ERROR;
				GCC_WARN_UNDECLARED_SELECTOR = YES;
				GCC_WARN_UNINITIALIZED_AUTOS = YES_AGGRESSIVE;
				GCC_WARN_UNUSED_FUNCTION = YES;
				GCC_WARN_UNUSED_VARIABLE = YES;
				IPHONEOS_DEPLOYMENT_TARGET = 10.1;
				MTL_ENABLE_DEBUG_INFO = NO;
				SDKROOT = iphoneos;
				SWIFT_OPTIMIZATION_LEVEL = "-Owholemodule";
				TARGETED_DEVICE_FAMILY = "1,2";
				VALIDATE_PRODUCT = YES;
			};
			name = Release;
		};
		2614CC251E3DC1E900522811 /* Debug */ = {
			isa = XCBuildConfiguration;
			buildSettings = {
				ASSETCATALOG_COMPILER_APPICON_NAME = AppIcon;
				INFOPLIST_FILE = BeautyGalley/Info.plist;
				LD_RUNPATH_SEARCH_PATHS = "$(inherited) @executable_path/Frameworks";
				PRODUCT_BUNDLE_IDENTIFIER = cn.stvea.BeautyGalley;
				PRODUCT_NAME = "$(TARGET_NAME)";
				SWIFT_VERSION = 3.0;
			};
			name = Debug;
		};
		2614CC261E3DC1E900522811 /* Release */ = {
			isa = XCBuildConfiguration;
			buildSettings = {
				ASSETCATALOG_COMPILER_APPICON_NAME = AppIcon;
				INFOPLIST_FILE = BeautyGalley/Info.plist;
				LD_RUNPATH_SEARCH_PATHS = "$(inherited) @executable_path/Frameworks";
				PRODUCT_BUNDLE_IDENTIFIER = cn.stvea.BeautyGalley;
				PRODUCT_NAME = "$(TARGET_NAME)";
				SWIFT_VERSION = 3.0;
			};
			name = Release;
		};
		2614CC281E3DC1E900522811 /* Debug */ = {
			isa = XCBuildConfiguration;
			buildSettings = {
				ALWAYS_EMBED_SWIFT_STANDARD_LIBRARIES = YES;
				BUNDLE_LOADER = "$(TEST_HOST)";
				INFOPLIST_FILE = BeautyGalleyTests/Info.plist;
				LD_RUNPATH_SEARCH_PATHS = "$(inherited) @executable_path/Frameworks @loader_path/Frameworks";
				PRODUCT_BUNDLE_IDENTIFIER = cn.stvea.BeautyGalleyTests;
				PRODUCT_NAME = "$(TARGET_NAME)";
				SWIFT_VERSION = 3.0;
				TEST_HOST = "$(BUILT_PRODUCTS_DIR)/BeautyGalley.app/BeautyGalley";
			};
			name = Debug;
		};
		2614CC291E3DC1E900522811 /* Release */ = {
			isa = XCBuildConfiguration;
			buildSettings = {
				ALWAYS_EMBED_SWIFT_STANDARD_LIBRARIES = YES;
				BUNDLE_LOADER = "$(TEST_HOST)";
				INFOPLIST_FILE = BeautyGalleyTests/Info.plist;
				LD_RUNPATH_SEARCH_PATHS = "$(inherited) @executable_path/Frameworks @loader_path/Frameworks";
				PRODUCT_BUNDLE_IDENTIFIER = cn.stvea.BeautyGalleyTests;
				PRODUCT_NAME = "$(TARGET_NAME)";
				SWIFT_VERSION = 3.0;
				TEST_HOST = "$(BUILT_PRODUCTS_DIR)/BeautyGalley.app/BeautyGalley";
			};
			name = Release;
		};
		2614CC2B1E3DC1E900522811 /* Debug */ = {
			isa = XCBuildConfiguration;
			buildSettings = {
				ALWAYS_EMBED_SWIFT_STANDARD_LIBRARIES = YES;
				INFOPLIST_FILE = BeautyGalleyUITests/Info.plist;
				LD_RUNPATH_SEARCH_PATHS = "$(inherited) @executable_path/Frameworks @loader_path/Frameworks";
				PRODUCT_BUNDLE_IDENTIFIER = cn.stvea.BeautyGalleyUITests;
				PRODUCT_NAME = "$(TARGET_NAME)";
				SWIFT_VERSION = 3.0;
				TEST_TARGET_NAME = BeautyGalley;
			};
			name = Debug;
		};
		2614CC2C1E3DC1E900522811 /* Release */ = {
			isa = XCBuildConfiguration;
			buildSettings = {
				ALWAYS_EMBED_SWIFT_STANDARD_LIBRARIES = YES;
				INFOPLIST_FILE = BeautyGalleyUITests/Info.plist;
				LD_RUNPATH_SEARCH_PATHS = "$(inherited) @executable_path/Frameworks @loader_path/Frameworks";
				PRODUCT_BUNDLE_IDENTIFIER = cn.stvea.BeautyGalleyUITests;
				PRODUCT_NAME = "$(TARGET_NAME)";
				SWIFT_VERSION = 3.0;
				TEST_TARGET_NAME = BeautyGalley;
			};
			name = Release;
		};
/* End XCBuildConfiguration section */

/* Begin XCConfigurationList section */
		2614CBF71E3DC1E800522811 /* Build configuration list for PBXProject "BeautyGalley" */ = {
			isa = XCConfigurationList;
			buildConfigurations = (
				2614CC221E3DC1E900522811 /* Debug */,
				2614CC231E3DC1E900522811 /* Release */,
			);
			defaultConfigurationIsVisible = 0;
			defaultConfigurationName = Release;
		};
		2614CC241E3DC1E900522811 /* Build configuration list for PBXNativeTarget "BeautyGalley" */ = {
			isa = XCConfigurationList;
			buildConfigurations = (
				2614CC251E3DC1E900522811 /* Debug */,
				2614CC261E3DC1E900522811 /* Release */,
			);
			defaultConfigurationIsVisible = 0;
		};
		2614CC271E3DC1E900522811 /* Build configuration list for PBXNativeTarget "BeautyGalleyTests" */ = {
			isa = XCConfigurationList;
			buildConfigurations = (
				2614CC281E3DC1E900522811 /* Debug */,
				2614CC291E3DC1E900522811 /* Release */,
			);
			defaultConfigurationIsVisible = 0;
		};
		2614CC2A1E3DC1E900522811 /* Build configuration list for PBXNativeTarget "BeautyGalleyUITests" */ = {
			isa = XCConfigurationList;
			buildConfigurations = (
				2614CC2B1E3DC1E900522811 /* Debug */,
				2614CC2C1E3DC1E900522811 /* Release */,
			);
			defaultConfigurationIsVisible = 0;
		};
/* End XCConfigurationList section */
	};
	rootObject = 2614CBF41E3DC1E800522811 /* Project object */;
}
